// !$*UTF8*$!
{
	archiveVersion = 1;
	classes = {
	};
	objectVersion = 56;
	objects = {

/* Begin PBXBuildFile section */
		B1CF43B4BDA7DB5C7951B189 /* Pods_Login_Page.framework in Frameworks */ = {isa = PBXBuildFile; fileRef = 2F5D263986B6F678F39C87E8 /* Pods_Login_Page.framework */; };
		B947745E96331A3C82AF2391 /* Pods_Login_PageTests.framework in Frameworks */ = {isa = PBXBuildFile; fileRef = 2BF5F79C46F14E288B0E2103 /* Pods_Login_PageTests.framework */; };
		C3F3D60BB2413CCC03C7B322 /* Pods_Login_Page_Login_PageUITests.framework in Frameworks */ = {isa = PBXBuildFile; fileRef = CAE841292B061975BB90904C /* Pods_Login_Page_Login_PageUITests.framework */; };
		FA0BDBC3294987140084A3A3 /* Alert.swift in Sources */ = {isa = PBXBuildFile; fileRef = FA0BDBC2294987140084A3A3 /* Alert.swift */; };
		FA0BDBC52949880D0084A3A3 /* String.swift in Sources */ = {isa = PBXBuildFile; fileRef = FA0BDBC42949880D0084A3A3 /* String.swift */; };
		FA3B020C2948704400AC8A1D /* AppDelegate.swift in Sources */ = {isa = PBXBuildFile; fileRef = FA3B020B2948704400AC8A1D /* AppDelegate.swift */; };
		FA3B020E2948704400AC8A1D /* SceneDelegate.swift in Sources */ = {isa = PBXBuildFile; fileRef = FA3B020D2948704400AC8A1D /* SceneDelegate.swift */; };
		FA3B02102948704400AC8A1D /* ViewController.swift in Sources */ = {isa = PBXBuildFile; fileRef = FA3B020F2948704400AC8A1D /* ViewController.swift */; };
		FA3B02132948704400AC8A1D /* Main.storyboard in Resources */ = {isa = PBXBuildFile; fileRef = FA3B02112948704400AC8A1D /* Main.storyboard */; };
		FA3B02152948704700AC8A1D /* Assets.xcassets in Resources */ = {isa = PBXBuildFile; fileRef = FA3B02142948704700AC8A1D /* Assets.xcassets */; };
		FA3B02182948704700AC8A1D /* LaunchScreen.storyboard in Resources */ = {isa = PBXBuildFile; fileRef = FA3B02162948704700AC8A1D /* LaunchScreen.storyboard */; };
		FA3B02232948704700AC8A1D /* Login_PageTests.swift in Sources */ = {isa = PBXBuildFile; fileRef = FA3B02222948704700AC8A1D /* Login_PageTests.swift */; };
		FA3B022D2948704800AC8A1D /* Login_PageUITests.swift in Sources */ = {isa = PBXBuildFile; fileRef = FA3B022C2948704800AC8A1D /* Login_PageUITests.swift */; };
		FA3B022F2948704800AC8A1D /* Login_PageUITestsLaunchTests.swift in Sources */ = {isa = PBXBuildFile; fileRef = FA3B022E2948704800AC8A1D /* Login_PageUITestsLaunchTests.swift */; };
		FA3B023C2948728600AC8A1D /* LoginTableViewController.swift in Sources */ = {isa = PBXBuildFile; fileRef = FA3B023B2948728600AC8A1D /* LoginTableViewController.swift */; };
		FA730F2B294B5741004E399C /* ImagePicker.swift in Sources */ = {isa = PBXBuildFile; fileRef = FA730F2A294B5741004E399C /* ImagePicker.swift */; };
		FA86F95F29533591002CA88A /* PasswordRecoverViewController.swift in Sources */ = {isa = PBXBuildFile; fileRef = FA86F95E29533591002CA88A /* PasswordRecoverViewController.swift */; };
		FAB337842956EC4F00E31B7E /* ContainerController.swift in Sources */ = {isa = PBXBuildFile; fileRef = FAB337832956EC4F00E31B7E /* ContainerController.swift */; };
		FAB337862956ECD000E31B7E /* HomeController.swift in Sources */ = {isa = PBXBuildFile; fileRef = FAB337852956ECD000E31B7E /* HomeController.swift */; };
		FAB337882956ED0B00E31B7E /* MenuController.swift in Sources */ = {isa = PBXBuildFile; fileRef = FAB337872956ED0B00E31B7E /* MenuController.swift */; };
		FAB3378A2956ED8C00E31B7E /* MenuOptionCellTableViewCell.swift in Sources */ = {isa = PBXBuildFile; fileRef = FAB337892956ED8C00E31B7E /* MenuOptionCellTableViewCell.swift */; };
		FAB3378C2956EDF500E31B7E /* Protocol.swift in Sources */ = {isa = PBXBuildFile; fileRef = FAB3378B2956EDF500E31B7E /* Protocol.swift */; };
		FAB3378F2956EE5A00E31B7E /* MenuOption.swift in Sources */ = {isa = PBXBuildFile; fileRef = FAB3378E2956EE5A00E31B7E /* MenuOption.swift */; };
		FACD0D25295739E8004A6055 /* NoteViewController.swift in Sources */ = {isa = PBXBuildFile; fileRef = FACD0D24295739E7004A6055 /* NoteViewController.swift */; };
		FAF69F47294C744F0065B244 /* GoogleService-Info.plist in Resources */ = {isa = PBXBuildFile; fileRef = FAF69F46294C744F0065B244 /* GoogleService-Info.plist */; };
		FAFE6DED2949D3900074114E /* SignUpViewController.swift in Sources */ = {isa = PBXBuildFile; fileRef = FAFE6DEC2949D3900074114E /* SignUpViewController.swift */; };
/* End PBXBuildFile section */

/* Begin PBXContainerItemProxy section */
		FA3B021F2948704700AC8A1D /* PBXContainerItemProxy */ = {
			isa = PBXContainerItemProxy;
			containerPortal = FA3B02002948704300AC8A1D /* Project object */;
			proxyType = 1;
			remoteGlobalIDString = FA3B02072948704400AC8A1D;
			remoteInfo = "Login Page";
		};
		FA3B02292948704800AC8A1D /* PBXContainerItemProxy */ = {
			isa = PBXContainerItemProxy;
			containerPortal = FA3B02002948704300AC8A1D /* Project object */;
			proxyType = 1;
			remoteGlobalIDString = FA3B02072948704400AC8A1D;
			remoteInfo = "Login Page";
		};
/* End PBXContainerItemProxy section */

/* Begin PBXFileReference section */
		2BF5F79C46F14E288B0E2103 /* Pods_Login_PageTests.framework */ = {isa = PBXFileReference; explicitFileType = wrapper.framework; includeInIndex = 0; path = Pods_Login_PageTests.framework; sourceTree = BUILT_PRODUCTS_DIR; };
		2F5D263986B6F678F39C87E8 /* Pods_Login_Page.framework */ = {isa = PBXFileReference; explicitFileType = wrapper.framework; includeInIndex = 0; path = Pods_Login_Page.framework; sourceTree = BUILT_PRODUCTS_DIR; };
		3EC34F636383F2FB9C1B69D3 /* Pods-Login Page.release.xcconfig */ = {isa = PBXFileReference; includeInIndex = 1; lastKnownFileType = text.xcconfig; name = "Pods-Login Page.release.xcconfig"; path = "Target Support Files/Pods-Login Page/Pods-Login Page.release.xcconfig"; sourceTree = "<group>"; };
		625654D2A57A58AC8668D957 /* Pods-Login PageTests.debug.xcconfig */ = {isa = PBXFileReference; includeInIndex = 1; lastKnownFileType = text.xcconfig; name = "Pods-Login PageTests.debug.xcconfig"; path = "Target Support Files/Pods-Login PageTests/Pods-Login PageTests.debug.xcconfig"; sourceTree = "<group>"; };
		8F62F0F6239C10F60A54156A /* Pods-Login Page-Login PageUITests.debug.xcconfig */ = {isa = PBXFileReference; includeInIndex = 1; lastKnownFileType = text.xcconfig; name = "Pods-Login Page-Login PageUITests.debug.xcconfig"; path = "Target Support Files/Pods-Login Page-Login PageUITests/Pods-Login Page-Login PageUITests.debug.xcconfig"; sourceTree = "<group>"; };
		BB3E55C582BC5365304FDDE6 /* Pods-Login PageTests.release.xcconfig */ = {isa = PBXFileReference; includeInIndex = 1; lastKnownFileType = text.xcconfig; name = "Pods-Login PageTests.release.xcconfig"; path = "Target Support Files/Pods-Login PageTests/Pods-Login PageTests.release.xcconfig"; sourceTree = "<group>"; };
		C026E0B7BD8381FBAFF5ECE6 /* Pods-Login Page-Login PageUITests.release.xcconfig */ = {isa = PBXFileReference; includeInIndex = 1; lastKnownFileType = text.xcconfig; name = "Pods-Login Page-Login PageUITests.release.xcconfig"; path = "Target Support Files/Pods-Login Page-Login PageUITests/Pods-Login Page-Login PageUITests.release.xcconfig"; sourceTree = "<group>"; };
		CAE841292B061975BB90904C /* Pods_Login_Page_Login_PageUITests.framework */ = {isa = PBXFileReference; explicitFileType = wrapper.framework; includeInIndex = 0; path = Pods_Login_Page_Login_PageUITests.framework; sourceTree = BUILT_PRODUCTS_DIR; };
		F6FD775FAC5F74299A33435C /* Pods-Login Page.debug.xcconfig */ = {isa = PBXFileReference; includeInIndex = 1; lastKnownFileType = text.xcconfig; name = "Pods-Login Page.debug.xcconfig"; path = "Target Support Files/Pods-Login Page/Pods-Login Page.debug.xcconfig"; sourceTree = "<group>"; };
		FA0BDBC2294987140084A3A3 /* Alert.swift */ = {isa = PBXFileReference; lastKnownFileType = sourcecode.swift; path = Alert.swift; sourceTree = "<group>"; };
		FA0BDBC42949880D0084A3A3 /* String.swift */ = {isa = PBXFileReference; lastKnownFileType = sourcecode.swift; path = String.swift; sourceTree = "<group>"; };
		FA3B02082948704400AC8A1D /* Login Page.app */ = {isa = PBXFileReference; explicitFileType = wrapper.application; includeInIndex = 0; path = "Login Page.app"; sourceTree = BUILT_PRODUCTS_DIR; };
		FA3B020B2948704400AC8A1D /* AppDelegate.swift */ = {isa = PBXFileReference; lastKnownFileType = sourcecode.swift; path = AppDelegate.swift; sourceTree = "<group>"; };
		FA3B020D2948704400AC8A1D /* SceneDelegate.swift */ = {isa = PBXFileReference; lastKnownFileType = sourcecode.swift; path = SceneDelegate.swift; sourceTree = "<group>"; };
		FA3B020F2948704400AC8A1D /* ViewController.swift */ = {isa = PBXFileReference; lastKnownFileType = sourcecode.swift; path = ViewController.swift; sourceTree = "<group>"; };
		FA3B02122948704400AC8A1D /* Base */ = {isa = PBXFileReference; lastKnownFileType = file.storyboard; name = Base; path = Base.lproj/Main.storyboard; sourceTree = "<group>"; };
		FA3B02142948704700AC8A1D /* Assets.xcassets */ = {isa = PBXFileReference; lastKnownFileType = folder.assetcatalog; path = Assets.xcassets; sourceTree = "<group>"; };
		FA3B02172948704700AC8A1D /* Base */ = {isa = PBXFileReference; lastKnownFileType = file.storyboard; name = Base; path = Base.lproj/LaunchScreen.storyboard; sourceTree = "<group>"; };
		FA3B02192948704700AC8A1D /* Info.plist */ = {isa = PBXFileReference; lastKnownFileType = text.plist.xml; path = Info.plist; sourceTree = "<group>"; };
		FA3B021E2948704700AC8A1D /* Login PageTests.xctest */ = {isa = PBXFileReference; explicitFileType = wrapper.cfbundle; includeInIndex = 0; path = "Login PageTests.xctest"; sourceTree = BUILT_PRODUCTS_DIR; };
		FA3B02222948704700AC8A1D /* Login_PageTests.swift */ = {isa = PBXFileReference; lastKnownFileType = sourcecode.swift; path = Login_PageTests.swift; sourceTree = "<group>"; };
		FA3B02282948704800AC8A1D /* Login PageUITests.xctest */ = {isa = PBXFileReference; explicitFileType = wrapper.cfbundle; includeInIndex = 0; path = "Login PageUITests.xctest"; sourceTree = BUILT_PRODUCTS_DIR; };
		FA3B022C2948704800AC8A1D /* Login_PageUITests.swift */ = {isa = PBXFileReference; lastKnownFileType = sourcecode.swift; path = Login_PageUITests.swift; sourceTree = "<group>"; };
		FA3B022E2948704800AC8A1D /* Login_PageUITestsLaunchTests.swift */ = {isa = PBXFileReference; lastKnownFileType = sourcecode.swift; path = Login_PageUITestsLaunchTests.swift; sourceTree = "<group>"; };
		FA3B023B2948728600AC8A1D /* LoginTableViewController.swift */ = {isa = PBXFileReference; lastKnownFileType = sourcecode.swift; path = LoginTableViewController.swift; sourceTree = "<group>"; };
		FA730F2A294B5741004E399C /* ImagePicker.swift */ = {isa = PBXFileReference; lastKnownFileType = sourcecode.swift; path = ImagePicker.swift; sourceTree = "<group>"; };
		FA86F95E29533591002CA88A /* PasswordRecoverViewController.swift */ = {isa = PBXFileReference; lastKnownFileType = sourcecode.swift; path = PasswordRecoverViewController.swift; sourceTree = "<group>"; };
		FAB337832956EC4F00E31B7E /* ContainerController.swift */ = {isa = PBXFileReference; lastKnownFileType = sourcecode.swift; path = ContainerController.swift; sourceTree = "<group>"; };
		FAB337852956ECD000E31B7E /* HomeController.swift */ = {isa = PBXFileReference; lastKnownFileType = sourcecode.swift; path = HomeController.swift; sourceTree = "<group>"; };
		FAB337872956ED0B00E31B7E /* MenuController.swift */ = {isa = PBXFileReference; lastKnownFileType = sourcecode.swift; path = MenuController.swift; sourceTree = "<group>"; };
		FAB337892956ED8C00E31B7E /* MenuOptionCellTableViewCell.swift */ = {isa = PBXFileReference; lastKnownFileType = sourcecode.swift; path = MenuOptionCellTableViewCell.swift; sourceTree = "<group>"; };
		FAB3378B2956EDF500E31B7E /* Protocol.swift */ = {isa = PBXFileReference; lastKnownFileType = sourcecode.swift; path = Protocol.swift; sourceTree = "<group>"; };
		FAB3378E2956EE5A00E31B7E /* MenuOption.swift */ = {isa = PBXFileReference; lastKnownFileType = sourcecode.swift; path = MenuOption.swift; sourceTree = "<group>"; };
		FACD0D24295739E7004A6055 /* NoteViewController.swift */ = {isa = PBXFileReference; lastKnownFileType = sourcecode.swift; path = NoteViewController.swift; sourceTree = "<group>"; };
		FAF69F46294C744F0065B244 /* GoogleService-Info.plist */ = {isa = PBXFileReference; fileEncoding = 4; lastKnownFileType = text.plist.xml; path = "GoogleService-Info.plist"; sourceTree = "<group>"; };
		FAFE6DEC2949D3900074114E /* SignUpViewController.swift */ = {isa = PBXFileReference; lastKnownFileType = sourcecode.swift; path = SignUpViewController.swift; sourceTree = "<group>"; };
/* End PBXFileReference section */

/* Begin PBXFrameworksBuildPhase section */
		FA3B02052948704400AC8A1D /* Frameworks */ = {
			isa = PBXFrameworksBuildPhase;
			buildActionMask = 2147483647;
			files = (
				B1CF43B4BDA7DB5C7951B189 /* Pods_Login_Page.framework in Frameworks */,
			);
			runOnlyForDeploymentPostprocessing = 0;
		};
		FA3B021B2948704700AC8A1D /* Frameworks */ = {
			isa = PBXFrameworksBuildPhase;
			buildActionMask = 2147483647;
			files = (
				B947745E96331A3C82AF2391 /* Pods_Login_PageTests.framework in Frameworks */,
			);
			runOnlyForDeploymentPostprocessing = 0;
		};
		FA3B02252948704800AC8A1D /* Frameworks */ = {
			isa = PBXFrameworksBuildPhase;
			buildActionMask = 2147483647;
			files = (
				C3F3D60BB2413CCC03C7B322 /* Pods_Login_Page_Login_PageUITests.framework in Frameworks */,
			);
			runOnlyForDeploymentPostprocessing = 0;
		};
/* End PBXFrameworksBuildPhase section */

/* Begin PBXGroup section */
		5B5454FF5884B2A6A0ECBF0D /* Frameworks */ = {
			isa = PBXGroup;
			children = (
				2F5D263986B6F678F39C87E8 /* Pods_Login_Page.framework */,
				CAE841292B061975BB90904C /* Pods_Login_Page_Login_PageUITests.framework */,
				2BF5F79C46F14E288B0E2103 /* Pods_Login_PageTests.framework */,
			);
			name = Frameworks;
			sourceTree = "<group>";
		};
		D41997CF930241050CB7496E /* Pods */ = {
			isa = PBXGroup;
			children = (
				F6FD775FAC5F74299A33435C /* Pods-Login Page.debug.xcconfig */,
				3EC34F636383F2FB9C1B69D3 /* Pods-Login Page.release.xcconfig */,
				8F62F0F6239C10F60A54156A /* Pods-Login Page-Login PageUITests.debug.xcconfig */,
				C026E0B7BD8381FBAFF5ECE6 /* Pods-Login Page-Login PageUITests.release.xcconfig */,
				625654D2A57A58AC8668D957 /* Pods-Login PageTests.debug.xcconfig */,
				BB3E55C582BC5365304FDDE6 /* Pods-Login PageTests.release.xcconfig */,
			);
			path = Pods;
			sourceTree = "<group>";
		};
		FA044092294C459D00CA9797 /* Supporting Files */ = {
			isa = PBXGroup;
			children = (
				FAB3378B2956EDF500E31B7E /* Protocol.swift */,
				FA3B020B2948704400AC8A1D /* AppDelegate.swift */,
				FA3B020D2948704400AC8A1D /* SceneDelegate.swift */,
				FA3B02162948704700AC8A1D /* LaunchScreen.storyboard */,
			);
			path = "Supporting Files";
			sourceTree = "<group>";
		};
		FA044093294C460400CA9797 /* Controllers */ = {
			isa = PBXGroup;
			children = (
				FA3B020F2948704400AC8A1D /* ViewController.swift */,
				FAB337832956EC4F00E31B7E /* ContainerController.swift */,
				FAB337852956ECD000E31B7E /* HomeController.swift */,
				FACD0D24295739E7004A6055 /* NoteViewController.swift */,
				FAB337872956ED0B00E31B7E /* MenuController.swift */,
				FA3B023B2948728600AC8A1D /* LoginTableViewController.swift */,
				FAFE6DEC2949D3900074114E /* SignUpViewController.swift */,
				FA86F95E29533591002CA88A /* PasswordRecoverViewController.swift */,
				FA0BDBC42949880D0084A3A3 /* String.swift */,
				FA730F2A294B5741004E399C /* ImagePicker.swift */,
				FA0BDBC2294987140084A3A3 /* Alert.swift */,
			);
			path = Controllers;
			sourceTree = "<group>";
		};
		FA044094294C465300CA9797 /* View */ = {
			isa = PBXGroup;
			children = (
				FAB337892956ED8C00E31B7E /* MenuOptionCellTableViewCell.swift */,
			);
			path = View;
			sourceTree = "<group>";
		};
		FA3B01FF2948704300AC8A1D = {
			isa = PBXGroup;
			children = (
				FA3B020A2948704400AC8A1D /* Login Page */,
				FA3B02212948704700AC8A1D /* Login PageTests */,
				FA3B022B2948704800AC8A1D /* Login PageUITests */,
				FA3B02092948704400AC8A1D /* Products */,
				D41997CF930241050CB7496E /* Pods */,
				5B5454FF5884B2A6A0ECBF0D /* Frameworks */,
			);
			sourceTree = "<group>";
		};
		FA3B02092948704400AC8A1D /* Products */ = {
			isa = PBXGroup;
			children = (
				FA3B02082948704400AC8A1D /* Login Page.app */,
				FA3B021E2948704700AC8A1D /* Login PageTests.xctest */,
				FA3B02282948704800AC8A1D /* Login PageUITests.xctest */,
			);
			name = Products;
			sourceTree = "<group>";
		};
		FA3B020A2948704400AC8A1D /* Login Page */ = {
			isa = PBXGroup;
			children = (
				FAB3378D2956EE3F00E31B7E /* Model */,
				FA044094294C465300CA9797 /* View */,
				FA044093294C460400CA9797 /* Controllers */,
				FA044092294C459D00CA9797 /* Supporting Files */,
				FA3B02142948704700AC8A1D /* Assets.xcassets */,
				FA3B02112948704400AC8A1D /* Main.storyboard */,
				FA3B02192948704700AC8A1D /* Info.plist */,
				FAF69F46294C744F0065B244 /* GoogleService-Info.plist */,
			);
			path = "Login Page";
			sourceTree = "<group>";
		};
		FA3B02212948704700AC8A1D /* Login PageTests */ = {
			isa = PBXGroup;
			children = (
				FA3B02222948704700AC8A1D /* Login_PageTests.swift */,
			);
			path = "Login PageTests";
			sourceTree = "<group>";
		};
		FA3B022B2948704800AC8A1D /* Login PageUITests */ = {
			isa = PBXGroup;
			children = (
				FA3B022C2948704800AC8A1D /* Login_PageUITests.swift */,
				FA3B022E2948704800AC8A1D /* Login_PageUITestsLaunchTests.swift */,
			);
			path = "Login PageUITests";
			sourceTree = "<group>";
		};
		FAB3378D2956EE3F00E31B7E /* Model */ = {
			isa = PBXGroup;
			children = (
				FAB3378E2956EE5A00E31B7E /* MenuOption.swift */,
			);
			path = Model;
			sourceTree = "<group>";
		};
/* End PBXGroup section */

/* Begin PBXNativeTarget section */
		FA3B02072948704400AC8A1D /* Login Page */ = {
			isa = PBXNativeTarget;
			buildConfigurationList = FA3B02322948704800AC8A1D /* Build configuration list for PBXNativeTarget "Login Page" */;
			buildPhases = (
				B982AE99E911ABAB0C196369 /* [CP] Check Pods Manifest.lock */,
				FA3B02042948704400AC8A1D /* Sources */,
				FA3B02052948704400AC8A1D /* Frameworks */,
				FA3B02062948704400AC8A1D /* Resources */,
				8CC2B88444AEFCB365B774F3 /* [CP] Embed Pods Frameworks */,
			);
			buildRules = (
			);
			dependencies = (
			);
			name = "Login Page";
			productName = "Login Page";
			productReference = FA3B02082948704400AC8A1D /* Login Page.app */;
			productType = "com.apple.product-type.application";
		};
		FA3B021D2948704700AC8A1D /* Login PageTests */ = {
			isa = PBXNativeTarget;
			buildConfigurationList = FA3B02352948704800AC8A1D /* Build configuration list for PBXNativeTarget "Login PageTests" */;
			buildPhases = (
				3896F6F6648A47FD674181EC /* [CP] Check Pods Manifest.lock */,
				FA3B021A2948704700AC8A1D /* Sources */,
				FA3B021B2948704700AC8A1D /* Frameworks */,
				FA3B021C2948704700AC8A1D /* Resources */,
			);
			buildRules = (
			);
			dependencies = (
				FA3B02202948704700AC8A1D /* PBXTargetDependency */,
			);
			name = "Login PageTests";
			productName = "Login PageTests";
			productReference = FA3B021E2948704700AC8A1D /* Login PageTests.xctest */;
			productType = "com.apple.product-type.bundle.unit-test";
		};
		FA3B02272948704800AC8A1D /* Login PageUITests */ = {
			isa = PBXNativeTarget;
			buildConfigurationList = FA3B02382948704800AC8A1D /* Build configuration list for PBXNativeTarget "Login PageUITests" */;
			buildPhases = (
				9F2769E58BB094C3CAE6747C /* [CP] Check Pods Manifest.lock */,
				FA3B02242948704800AC8A1D /* Sources */,
				FA3B02252948704800AC8A1D /* Frameworks */,
				FA3B02262948704800AC8A1D /* Resources */,
				E4A9DA45F4C9FF6B20A63E13 /* [CP] Embed Pods Frameworks */,
			);
			buildRules = (
			);
			dependencies = (
				FA3B022A2948704800AC8A1D /* PBXTargetDependency */,
			);
			name = "Login PageUITests";
			productName = "Login PageUITests";
			productReference = FA3B02282948704800AC8A1D /* Login PageUITests.xctest */;
			productType = "com.apple.product-type.bundle.ui-testing";
		};
/* End PBXNativeTarget section */

/* Begin PBXProject section */
		FA3B02002948704300AC8A1D /* Project object */ = {
			isa = PBXProject;
			attributes = {
				BuildIndependentTargetsInParallel = 1;
				LastSwiftUpdateCheck = 1410;
				LastUpgradeCheck = 1410;
				TargetAttributes = {
					FA3B02072948704400AC8A1D = {
						CreatedOnToolsVersion = 14.1;
					};
					FA3B021D2948704700AC8A1D = {
						CreatedOnToolsVersion = 14.1;
						TestTargetID = FA3B02072948704400AC8A1D;
					};
					FA3B02272948704800AC8A1D = {
						CreatedOnToolsVersion = 14.1;
						TestTargetID = FA3B02072948704400AC8A1D;
					};
				};
			};
			buildConfigurationList = FA3B02032948704300AC8A1D /* Build configuration list for PBXProject "Keep Note" */;
			compatibilityVersion = "Xcode 14.0";
			developmentRegion = en;
			hasScannedForEncodings = 0;
			knownRegions = (
				en,
				Base,
			);
			mainGroup = FA3B01FF2948704300AC8A1D;
			productRefGroup = FA3B02092948704400AC8A1D /* Products */;
			projectDirPath = "";
			projectRoot = "";
			targets = (
				FA3B02072948704400AC8A1D /* Login Page */,
				FA3B021D2948704700AC8A1D /* Login PageTests */,
				FA3B02272948704800AC8A1D /* Login PageUITests */,
			);
		};
/* End PBXProject section */

/* Begin PBXResourcesBuildPhase section */
		FA3B02062948704400AC8A1D /* Resources */ = {
			isa = PBXResourcesBuildPhase;
			buildActionMask = 2147483647;
			files = (
				FA3B02182948704700AC8A1D /* LaunchScreen.storyboard in Resources */,
				FAF69F47294C744F0065B244 /* GoogleService-Info.plist in Resources */,
				FA3B02152948704700AC8A1D /* Assets.xcassets in Resources */,
				FA3B02132948704400AC8A1D /* Main.storyboard in Resources */,
			);
			runOnlyForDeploymentPostprocessing = 0;
		};
		FA3B021C2948704700AC8A1D /* Resources */ = {
			isa = PBXResourcesBuildPhase;
			buildActionMask = 2147483647;
			files = (
			);
			runOnlyForDeploymentPostprocessing = 0;
		};
		FA3B02262948704800AC8A1D /* Resources */ = {
			isa = PBXResourcesBuildPhase;
			buildActionMask = 2147483647;
			files = (
			);
			runOnlyForDeploymentPostprocessing = 0;
		};
/* End PBXResourcesBuildPhase section */

/* Begin PBXShellScriptBuildPhase section */
		3896F6F6648A47FD674181EC /* [CP] Check Pods Manifest.lock */ = {
			isa = PBXShellScriptBuildPhase;
			buildActionMask = 2147483647;
			files = (
			);
			inputFileListPaths = (
			);
			inputPaths = (
				"${PODS_PODFILE_DIR_PATH}/Podfile.lock",
				"${PODS_ROOT}/Manifest.lock",
			);
			name = "[CP] Check Pods Manifest.lock";
			outputFileListPaths = (
			);
			outputPaths = (
				"$(DERIVED_FILE_DIR)/Pods-Login PageTests-checkManifestLockResult.txt",
			);
			runOnlyForDeploymentPostprocessing = 0;
			shellPath = /bin/sh;
			shellScript = "diff \"${PODS_PODFILE_DIR_PATH}/Podfile.lock\" \"${PODS_ROOT}/Manifest.lock\" > /dev/null\nif [ $? != 0 ] ; then\n    # print error to STDERR\n    echo \"error: The sandbox is not in sync with the Podfile.lock. Run 'pod install' or update your CocoaPods installation.\" >&2\n    exit 1\nfi\n# This output is used by Xcode 'outputs' to avoid re-running this script phase.\necho \"SUCCESS\" > \"${SCRIPT_OUTPUT_FILE_0}\"\n";
			showEnvVarsInLog = 0;
		};
		8CC2B88444AEFCB365B774F3 /* [CP] Embed Pods Frameworks */ = {
			isa = PBXShellScriptBuildPhase;
			buildActionMask = 2147483647;
			files = (
			);
			inputFileListPaths = (
				"${PODS_ROOT}/Target Support Files/Pods-Login Page/Pods-Login Page-frameworks-${CONFIGURATION}-input-files.xcfilelist",
			);
			name = "[CP] Embed Pods Frameworks";
			outputFileListPaths = (
				"${PODS_ROOT}/Target Support Files/Pods-Login Page/Pods-Login Page-frameworks-${CONFIGURATION}-output-files.xcfilelist",
			);
			runOnlyForDeploymentPostprocessing = 0;
			shellPath = /bin/sh;
			shellScript = "\"${PODS_ROOT}/Target Support Files/Pods-Login Page/Pods-Login Page-frameworks.sh\"\n";
			showEnvVarsInLog = 0;
		};
		9F2769E58BB094C3CAE6747C /* [CP] Check Pods Manifest.lock */ = {
			isa = PBXShellScriptBuildPhase;
			buildActionMask = 2147483647;
			files = (
			);
			inputFileListPaths = (
			);
			inputPaths = (
				"${PODS_PODFILE_DIR_PATH}/Podfile.lock",
				"${PODS_ROOT}/Manifest.lock",
			);
			name = "[CP] Check Pods Manifest.lock";
			outputFileListPaths = (
			);
			outputPaths = (
				"$(DERIVED_FILE_DIR)/Pods-Login Page-Login PageUITests-checkManifestLockResult.txt",
			);
			runOnlyForDeploymentPostprocessing = 0;
			shellPath = /bin/sh;
			shellScript = "diff \"${PODS_PODFILE_DIR_PATH}/Podfile.lock\" \"${PODS_ROOT}/Manifest.lock\" > /dev/null\nif [ $? != 0 ] ; then\n    # print error to STDERR\n    echo \"error: The sandbox is not in sync with the Podfile.lock. Run 'pod install' or update your CocoaPods installation.\" >&2\n    exit 1\nfi\n# This output is used by Xcode 'outputs' to avoid re-running this script phase.\necho \"SUCCESS\" > \"${SCRIPT_OUTPUT_FILE_0}\"\n";
			showEnvVarsInLog = 0;
		};
		B982AE99E911ABAB0C196369 /* [CP] Check Pods Manifest.lock */ = {
			isa = PBXShellScriptBuildPhase;
			buildActionMask = 2147483647;
			files = (
			);
			inputFileListPaths = (
			);
			inputPaths = (
				"${PODS_PODFILE_DIR_PATH}/Podfile.lock",
				"${PODS_ROOT}/Manifest.lock",
			);
			name = "[CP] Check Pods Manifest.lock";
			outputFileListPaths = (
			);
			outputPaths = (
				"$(DERIVED_FILE_DIR)/Pods-Login Page-checkManifestLockResult.txt",
			);
			runOnlyForDeploymentPostprocessing = 0;
			shellPath = /bin/sh;
			shellScript = "diff \"${PODS_PODFILE_DIR_PATH}/Podfile.lock\" \"${PODS_ROOT}/Manifest.lock\" > /dev/null\nif [ $? != 0 ] ; then\n    # print error to STDERR\n    echo \"error: The sandbox is not in sync with the Podfile.lock. Run 'pod install' or update your CocoaPods installation.\" >&2\n    exit 1\nfi\n# This output is used by Xcode 'outputs' to avoid re-running this script phase.\necho \"SUCCESS\" > \"${SCRIPT_OUTPUT_FILE_0}\"\n";
			showEnvVarsInLog = 0;
		};
		E4A9DA45F4C9FF6B20A63E13 /* [CP] Embed Pods Frameworks */ = {
			isa = PBXShellScriptBuildPhase;
			buildActionMask = 2147483647;
			files = (
			);
			inputFileListPaths = (
				"${PODS_ROOT}/Target Support Files/Pods-Login Page-Login PageUITests/Pods-Login Page-Login PageUITests-frameworks-${CONFIGURATION}-input-files.xcfilelist",
			);
			name = "[CP] Embed Pods Frameworks";
			outputFileListPaths = (
				"${PODS_ROOT}/Target Support Files/Pods-Login Page-Login PageUITests/Pods-Login Page-Login PageUITests-frameworks-${CONFIGURATION}-output-files.xcfilelist",
			);
			runOnlyForDeploymentPostprocessing = 0;
			shellPath = /bin/sh;
			shellScript = "\"${PODS_ROOT}/Target Support Files/Pods-Login Page-Login PageUITests/Pods-Login Page-Login PageUITests-frameworks.sh\"\n";
			showEnvVarsInLog = 0;
		};
/* End PBXShellScriptBuildPhase section */

/* Begin PBXSourcesBuildPhase section */
		FA3B02042948704400AC8A1D /* Sources */ = {
			isa = PBXSourcesBuildPhase;
			buildActionMask = 2147483647;
			files = (
				FA3B02102948704400AC8A1D /* ViewController.swift in Sources */,
				FAB337842956EC4F00E31B7E /* ContainerController.swift in Sources */,
				FAB337862956ECD000E31B7E /* HomeController.swift in Sources */,
				FAB3378C2956EDF500E31B7E /* Protocol.swift in Sources */,
				FAFE6DED2949D3900074114E /* SignUpViewController.swift in Sources */,
				FAB337882956ED0B00E31B7E /* MenuController.swift in Sources */,
				FA3B023C2948728600AC8A1D /* LoginTableViewController.swift in Sources */,
				FA3B020C2948704400AC8A1D /* AppDelegate.swift in Sources */,
				FACD0D25295739E8004A6055 /* NoteViewController.swift in Sources */,
				FA0BDBC3294987140084A3A3 /* Alert.swift in Sources */,
				FA86F95F29533591002CA88A /* PasswordRecoverViewController.swift in Sources */,
				FA730F2B294B5741004E399C /* ImagePicker.swift in Sources */,
				FA0BDBC52949880D0084A3A3 /* String.swift in Sources */,
				FA3B020E2948704400AC8A1D /* SceneDelegate.swift in Sources */,
				FAB3378F2956EE5A00E31B7E /* MenuOption.swift in Sources */,
				FAB3378A2956ED8C00E31B7E /* MenuOptionCellTableViewCell.swift in Sources */,
			);
			runOnlyForDeploymentPostprocessing = 0;
		};
		FA3B021A2948704700AC8A1D /* Sources */ = {
			isa = PBXSourcesBuildPhase;
			buildActionMask = 2147483647;
			files = (
				FA3B02232948704700AC8A1D /* Login_PageTests.swift in Sources */,
			);
			runOnlyForDeploymentPostprocessing = 0;
		};
		FA3B02242948704800AC8A1D /* Sources */ = {
			isa = PBXSourcesBuildPhase;
			buildActionMask = 2147483647;
			files = (
				FA3B022D2948704800AC8A1D /* Login_PageUITests.swift in Sources */,
				FA3B022F2948704800AC8A1D /* Login_PageUITestsLaunchTests.swift in Sources */,
			);
			runOnlyForDeploymentPostprocessing = 0;
		};
/* End PBXSourcesBuildPhase section */

/* Begin PBXTargetDependency section */
		FA3B02202948704700AC8A1D /* PBXTargetDependency */ = {
			isa = PBXTargetDependency;
			target = FA3B02072948704400AC8A1D /* Login Page */;
			targetProxy = FA3B021F2948704700AC8A1D /* PBXContainerItemProxy */;
		};
		FA3B022A2948704800AC8A1D /* PBXTargetDependency */ = {
			isa = PBXTargetDependency;
			target = FA3B02072948704400AC8A1D /* Login Page */;
			targetProxy = FA3B02292948704800AC8A1D /* PBXContainerItemProxy */;
		};
/* End PBXTargetDependency section */

/* Begin PBXVariantGroup section */
		FA3B02112948704400AC8A1D /* Main.storyboard */ = {
			isa = PBXVariantGroup;
			children = (
				FA3B02122948704400AC8A1D /* Base */,
			);
			name = Main.storyboard;
			sourceTree = "<group>";
		};
		FA3B02162948704700AC8A1D /* LaunchScreen.storyboard */ = {
			isa = PBXVariantGroup;
			children = (
				FA3B02172948704700AC8A1D /* Base */,
			);
			name = LaunchScreen.storyboard;
			sourceTree = "<group>";
		};
/* End PBXVariantGroup section */

/* Begin XCBuildConfiguration section */
		FA3B02302948704800AC8A1D /* Debug */ = {
			isa = XCBuildConfiguration;
			buildSettings = {
				ALWAYS_SEARCH_USER_PATHS = NO;
				CLANG_ANALYZER_NONNULL = YES;
				CLANG_ANALYZER_NUMBER_OBJECT_CONVERSION = YES_AGGRESSIVE;
				CLANG_CXX_LANGUAGE_STANDARD = "gnu++20";
				CLANG_ENABLE_MODULES = YES;
				CLANG_ENABLE_OBJC_ARC = YES;
				CLANG_ENABLE_OBJC_WEAK = YES;
				CLANG_WARN_BLOCK_CAPTURE_AUTORELEASING = YES;
				CLANG_WARN_BOOL_CONVERSION = YES;
				CLANG_WARN_COMMA = YES;
				CLANG_WARN_CONSTANT_CONVERSION = YES;
				CLANG_WARN_DEPRECATED_OBJC_IMPLEMENTATIONS = YES;
				CLANG_WARN_DIRECT_OBJC_ISA_USAGE = YES_ERROR;
				CLANG_WARN_DOCUMENTATION_COMMENTS = YES;
				CLANG_WARN_EMPTY_BODY = YES;
				CLANG_WARN_ENUM_CONVERSION = YES;
				CLANG_WARN_INFINITE_RECURSION = YES;
				CLANG_WARN_INT_CONVERSION = YES;
				CLANG_WARN_NON_LITERAL_NULL_CONVERSION = YES;
				CLANG_WARN_OBJC_IMPLICIT_RETAIN_SELF = YES;
				CLANG_WARN_OBJC_LITERAL_CONVERSION = YES;
				CLANG_WARN_OBJC_ROOT_CLASS = YES_ERROR;
				CLANG_WARN_QUOTED_INCLUDE_IN_FRAMEWORK_HEADER = YES;
				CLANG_WARN_RANGE_LOOP_ANALYSIS = YES;
				CLANG_WARN_STRICT_PROTOTYPES = YES;
				CLANG_WARN_SUSPICIOUS_MOVE = YES;
				CLANG_WARN_UNGUARDED_AVAILABILITY = YES_AGGRESSIVE;
				CLANG_WARN_UNREACHABLE_CODE = YES;
				CLANG_WARN__DUPLICATE_METHOD_MATCH = YES;
				COPY_PHASE_STRIP = NO;
				DEBUG_INFORMATION_FORMAT = dwarf;
				ENABLE_STRICT_OBJC_MSGSEND = YES;
				ENABLE_TESTABILITY = YES;
				GCC_C_LANGUAGE_STANDARD = gnu11;
				GCC_DYNAMIC_NO_PIC = NO;
				GCC_NO_COMMON_BLOCKS = YES;
				GCC_OPTIMIZATION_LEVEL = 0;
				GCC_PREPROCESSOR_DEFINITIONS = (
					"DEBUG=1",
					"$(inherited)",
				);
				GCC_WARN_64_TO_32_BIT_CONVERSION = YES;
				GCC_WARN_ABOUT_RETURN_TYPE = YES_ERROR;
				GCC_WARN_UNDECLARED_SELECTOR = YES;
				GCC_WARN_UNINITIALIZED_AUTOS = YES_AGGRESSIVE;
				GCC_WARN_UNUSED_FUNCTION = YES;
				GCC_WARN_UNUSED_VARIABLE = YES;
				IPHONEOS_DEPLOYMENT_TARGET = 16.1;
				MTL_ENABLE_DEBUG_INFO = INCLUDE_SOURCE;
				MTL_FAST_MATH = YES;
				ONLY_ACTIVE_ARCH = YES;
				SDKROOT = iphoneos;
				SWIFT_ACTIVE_COMPILATION_CONDITIONS = DEBUG;
				SWIFT_OPTIMIZATION_LEVEL = "-Onone";
			};
			name = Debug;
		};
		FA3B02312948704800AC8A1D /* Release */ = {
			isa = XCBuildConfiguration;
			buildSettings = {
				ALWAYS_SEARCH_USER_PATHS = NO;
				CLANG_ANALYZER_NONNULL = YES;
				CLANG_ANALYZER_NUMBER_OBJECT_CONVERSION = YES_AGGRESSIVE;
				CLANG_CXX_LANGUAGE_STANDARD = "gnu++20";
				CLANG_ENABLE_MODULES = YES;
				CLANG_ENABLE_OBJC_ARC = YES;
				CLANG_ENABLE_OBJC_WEAK = YES;
				CLANG_WARN_BLOCK_CAPTURE_AUTORELEASING = YES;
				CLANG_WARN_BOOL_CONVERSION = YES;
				CLANG_WARN_COMMA = YES;
				CLANG_WARN_CONSTANT_CONVERSION = YES;
				CLANG_WARN_DEPRECATED_OBJC_IMPLEMENTATIONS = YES;
				CLANG_WARN_DIRECT_OBJC_ISA_USAGE = YES_ERROR;
				CLANG_WARN_DOCUMENTATION_COMMENTS = YES;
				CLANG_WARN_EMPTY_BODY = YES;
				CLANG_WARN_ENUM_CONVERSION = YES;
				CLANG_WARN_INFINITE_RECURSION = YES;
				CLANG_WARN_INT_CONVERSION = YES;
				CLANG_WARN_NON_LITERAL_NULL_CONVERSION = YES;
				CLANG_WARN_OBJC_IMPLICIT_RETAIN_SELF = YES;
				CLANG_WARN_OBJC_LITERAL_CONVERSION = YES;
				CLANG_WARN_OBJC_ROOT_CLASS = YES_ERROR;
				CLANG_WARN_QUOTED_INCLUDE_IN_FRAMEWORK_HEADER = YES;
				CLANG_WARN_RANGE_LOOP_ANALYSIS = YES;
				CLANG_WARN_STRICT_PROTOTYPES = YES;
				CLANG_WARN_SUSPICIOUS_MOVE = YES;
				CLANG_WARN_UNGUARDED_AVAILABILITY = YES_AGGRESSIVE;
				CLANG_WARN_UNREACHABLE_CODE = YES;
				CLANG_WARN__DUPLICATE_METHOD_MATCH = YES;
				COPY_PHASE_STRIP = NO;
				DEBUG_INFORMATION_FORMAT = "dwarf-with-dsym";
				ENABLE_NS_ASSERTIONS = NO;
				ENABLE_STRICT_OBJC_MSGSEND = YES;
				GCC_C_LANGUAGE_STANDARD = gnu11;
				GCC_NO_COMMON_BLOCKS = YES;
				GCC_WARN_64_TO_32_BIT_CONVERSION = YES;
				GCC_WARN_ABOUT_RETURN_TYPE = YES_ERROR;
				GCC_WARN_UNDECLARED_SELECTOR = YES;
				GCC_WARN_UNINITIALIZED_AUTOS = YES_AGGRESSIVE;
				GCC_WARN_UNUSED_FUNCTION = YES;
				GCC_WARN_UNUSED_VARIABLE = YES;
				IPHONEOS_DEPLOYMENT_TARGET = 16.1;
				MTL_ENABLE_DEBUG_INFO = NO;
				MTL_FAST_MATH = YES;
				SDKROOT = iphoneos;
				SWIFT_COMPILATION_MODE = wholemodule;
				SWIFT_OPTIMIZATION_LEVEL = "-O";
				VALIDATE_PRODUCT = YES;
			};
			name = Release;
		};
		FA3B02332948704800AC8A1D /* Debug */ = {
			isa = XCBuildConfiguration;
			baseConfigurationReference = F6FD775FAC5F74299A33435C /* Pods-Login Page.debug.xcconfig */;
			buildSettings = {
				ASSETCATALOG_COMPILER_APPICON_NAME = AppIcon;
				ASSETCATALOG_COMPILER_GLOBAL_ACCENT_COLOR_NAME = AccentColor;
				CODE_SIGN_STYLE = Automatic;
				CURRENT_PROJECT_VERSION = 1;
				DEVELOPMENT_TEAM = YR43T92H4C;
				GENERATE_INFOPLIST_FILE = YES;
				INFOPLIST_FILE = "Login Page/Info.plist";
				INFOPLIST_KEY_UIApplicationSupportsIndirectInputEvents = YES;
				INFOPLIST_KEY_UILaunchStoryboardName = LaunchScreen;
				INFOPLIST_KEY_UIMainStoryboardFile = Main;
				INFOPLIST_KEY_UISupportedInterfaceOrientations_iPad = "UIInterfaceOrientationPortrait UIInterfaceOrientationPortraitUpsideDown UIInterfaceOrientationLandscapeLeft UIInterfaceOrientationLandscapeRight";
				INFOPLIST_KEY_UISupportedInterfaceOrientations_iPhone = "UIInterfaceOrientationPortrait UIInterfaceOrientationLandscapeLeft UIInterfaceOrientationLandscapeRight";
				LD_RUNPATH_SEARCH_PATHS = (
					"$(inherited)",
					"@executable_path/Frameworks",
				);
				MARKETING_VERSION = 1.0;
				PRODUCT_BUNDLE_IDENTIFIER = "com.bridgelabz.Login-Page";
				PRODUCT_NAME = "$(TARGET_NAME)";
				SWIFT_EMIT_LOC_STRINGS = YES;
				SWIFT_VERSION = 5.0;
				TARGETED_DEVICE_FAMILY = "1,2";
			};
			name = Debug;
		};
		FA3B02342948704800AC8A1D /* Release */ = {
			isa = XCBuildConfiguration;
			baseConfigurationReference = 3EC34F636383F2FB9C1B69D3 /* Pods-Login Page.release.xcconfig */;
			buildSettings = {
				ASSETCATALOG_COMPILER_APPICON_NAME = AppIcon;
				ASSETCATALOG_COMPILER_GLOBAL_ACCENT_COLOR_NAME = AccentColor;
				CODE_SIGN_STYLE = Automatic;
				CURRENT_PROJECT_VERSION = 1;
				DEVELOPMENT_TEAM = YR43T92H4C;
				GENERATE_INFOPLIST_FILE = YES;
				INFOPLIST_FILE = "Login Page/Info.plist";
				INFOPLIST_KEY_UIApplicationSupportsIndirectInputEvents = YES;
				INFOPLIST_KEY_UILaunchStoryboardName = LaunchScreen;
				INFOPLIST_KEY_UIMainStoryboardFile = Main;
				INFOPLIST_KEY_UISupportedInterfaceOrientations_iPad = "UIInterfaceOrientationPortrait UIInterfaceOrientationPortraitUpsideDown UIInterfaceOrientationLandscapeLeft UIInterfaceOrientationLandscapeRight";
				INFOPLIST_KEY_UISupportedInterfaceOrientations_iPhone = "UIInterfaceOrientationPortrait UIInterfaceOrientationLandscapeLeft UIInterfaceOrientationLandscapeRight";
				LD_RUNPATH_SEARCH_PATHS = (
					"$(inherited)",
					"@executable_path/Frameworks",
				);
				MARKETING_VERSION = 1.0;
				PRODUCT_BUNDLE_IDENTIFIER = "com.bridgelabz.Login-Page";
				PRODUCT_NAME = "$(TARGET_NAME)";
				SWIFT_EMIT_LOC_STRINGS = YES;
				SWIFT_VERSION = 5.0;
				TARGETED_DEVICE_FAMILY = "1,2";
			};
			name = Release;
		};
		FA3B02362948704800AC8A1D /* Debug */ = {
			isa = XCBuildConfiguration;
			baseConfigurationReference = 625654D2A57A58AC8668D957 /* Pods-Login PageTests.debug.xcconfig */;
			buildSettings = {
				ALWAYS_EMBED_SWIFT_STANDARD_LIBRARIES = YES;
				BUNDLE_LOADER = "$(TEST_HOST)";
				CODE_SIGN_STYLE = Automatic;
				CURRENT_PROJECT_VERSION = 1;
				DEVELOPMENT_TEAM = YR43T92H4C;
				GENERATE_INFOPLIST_FILE = YES;
				IPHONEOS_DEPLOYMENT_TARGET = 16.1;
				MARKETING_VERSION = 1.0;
				PRODUCT_BUNDLE_IDENTIFIER = "com.bridgelabz.Login-PageTests";
				PRODUCT_NAME = "$(TARGET_NAME)";
				SWIFT_EMIT_LOC_STRINGS = NO;
				SWIFT_VERSION = 5.0;
				TARGETED_DEVICE_FAMILY = "1,2";
				TEST_HOST = "$(BUILT_PRODUCTS_DIR)/Login Page.app/$(BUNDLE_EXECUTABLE_FOLDER_PATH)/Login Page";
			};
			name = Debug;
		};
		FA3B02372948704800AC8A1D /* Release */ = {
			isa = XCBuildConfiguration;
			baseConfigurationReference = BB3E55C582BC5365304FDDE6 /* Pods-Login PageTests.release.xcconfig */;
			buildSettings = {
				ALWAYS_EMBED_SWIFT_STANDARD_LIBRARIES = YES;
				BUNDLE_LOADER = "$(TEST_HOST)";
				CODE_SIGN_STYLE = Automatic;
				CURRENT_PROJECT_VERSION = 1;
				DEVELOPMENT_TEAM = YR43T92H4C;
				GENERATE_INFOPLIST_FILE = YES;
				IPHONEOS_DEPLOYMENT_TARGET = 16.1;
				MARKETING_VERSION = 1.0;
				PRODUCT_BUNDLE_IDENTIFIER = "com.bridgelabz.Login-PageTests";
				PRODUCT_NAME = "$(TARGET_NAME)";
				SWIFT_EMIT_LOC_STRINGS = NO;
				SWIFT_VERSION = 5.0;
				TARGETED_DEVICE_FAMILY = "1,2";
				TEST_HOST = "$(BUILT_PRODUCTS_DIR)/Login Page.app/$(BUNDLE_EXECUTABLE_FOLDER_PATH)/Login Page";
			};
			name = Release;
		};
		FA3B02392948704800AC8A1D /* Debug */ = {
			isa = XCBuildConfiguration;
			baseConfigurationReference = 8F62F0F6239C10F60A54156A /* Pods-Login Page-Login PageUITests.debug.xcconfig */;
			buildSettings = {
				ALWAYS_EMBED_SWIFT_STANDARD_LIBRARIES = YES;
				CODE_SIGN_STYLE = Automatic;
				CURRENT_PROJECT_VERSION = 1;
				DEVELOPMENT_TEAM = YR43T92H4C;
				GENERATE_INFOPLIST_FILE = YES;
				MARKETING_VERSION = 1.0;
				PRODUCT_BUNDLE_IDENTIFIER = "com.bridgelabz.Login-PageUITests";
				PRODUCT_NAME = "$(TARGET_NAME)";
				SWIFT_EMIT_LOC_STRINGS = NO;
				SWIFT_VERSION = 5.0;
				TARGETED_DEVICE_FAMILY = "1,2";
				TEST_TARGET_NAME = "Login Page";
			};
			name = Debug;
		};
		FA3B023A2948704800AC8A1D /* Release */ = {
			isa = XCBuildConfiguration;
			baseConfigurationReference = C026E0B7BD8381FBAFF5ECE6 /* Pods-Login Page-Login PageUITests.release.xcconfig */;
			buildSettings = {
				ALWAYS_EMBED_SWIFT_STANDARD_LIBRARIES = YES;
				CODE_SIGN_STYLE = Automatic;
				CURRENT_PROJECT_VERSION = 1;
				DEVELOPMENT_TEAM = YR43T92H4C;
				GENERATE_INFOPLIST_FILE = YES;
				MARKETING_VERSION = 1.0;
				PRODUCT_BUNDLE_IDENTIFIER = "com.bridgelabz.Login-PageUITests";
				PRODUCT_NAME = "$(TARGET_NAME)";
				SWIFT_EMIT_LOC_STRINGS = NO;
				SWIFT_VERSION = 5.0;
				TARGETED_DEVICE_FAMILY = "1,2";
				TEST_TARGET_NAME = "Login Page";
			};
			name = Release;
		};
/* End XCBuildConfiguration section */

/* Begin XCConfigurationList section */
		FA3B02032948704300AC8A1D /* Build configuration list for PBXProject "Keep Note" */ = {
			isa = XCConfigurationList;
			buildConfigurations = (
				FA3B02302948704800AC8A1D /* Debug */,
				FA3B02312948704800AC8A1D /* Release */,
			);
			defaultConfigurationIsVisible = 0;
			defaultConfigurationName = Release;
		};
		FA3B02322948704800AC8A1D /* Build configuration list for PBXNativeTarget "Login Page" */ = {
			isa = XCConfigurationList;
			buildConfigurations = (
				FA3B02332948704800AC8A1D /* Debug */,
				FA3B02342948704800AC8A1D /* Release */,
			);
			defaultConfigurationIsVisible = 0;
			defaultConfigurationName = Release;
		};
		FA3B02352948704800AC8A1D /* Build configuration list for PBXNativeTarget "Login PageTests" */ = {
			isa = XCConfigurationList;
			buildConfigurations = (
				FA3B02362948704800AC8A1D /* Debug */,
				FA3B02372948704800AC8A1D /* Release */,
			);
			defaultConfigurationIsVisible = 0;
			defaultConfigurationName = Release;
		};
		FA3B02382948704800AC8A1D /* Build configuration list for PBXNativeTarget "Login PageUITests" */ = {
			isa = XCConfigurationList;
			buildConfigurations = (
				FA3B02392948704800AC8A1D /* Debug */,
				FA3B023A2948704800AC8A1D /* Release */,
			);
			defaultConfigurationIsVisible = 0;
			defaultConfigurationName = Release;
		};
/* End XCConfigurationList section */
	};
	rootObject = FA3B02002948704300AC8A1D /* Project object */;
}
